# This file is automatically @generated by Cargo.
# It is not intended for manual editing.
version = 3

[[package]]
name = "calc_frontend"
version = "0.1.0"
dependencies = [
 "calc_interpreter",
]

[[package]]
name = "calc_interpreter"
version = "0.1.0"
dependencies = [
 "calc_ir",
]

[[package]]
name = "calc_ir"
version = "0.1.0"
